<?xml version="1.0" encoding="utf-8"?>
<Project ToolsVersion="4.0" xmlns="http://schemas.microsoft.com/developer/msbuild/2003">
  <ItemGroup>
    <ClInclude Include="MarioGameCore.h" />
    <ClInclude Include="ContentsEnums.h" />
    <ClInclude Include="TitleImage.h">
      <Filter>Title</Filter>
    </ClInclude>
    <ClInclude Include="TitleLevel.h">
      <Filter>Title</Filter>
    </ClInclude>
    <ClInclude Include="Mario.h">
      <Filter>Play</Filter>
    </ClInclude>
    <ClInclude Include="WorldLevel.h">
      <Filter>World</Filter>
    </ClInclude>
    <ClInclude Include="Map.h">
      <Filter>Play</Filter>
    </ClInclude>
    <ClInclude Include="WorldImage.h">
      <Filter>World</Filter>
    </ClInclude>
    <ClInclude Include="StageLevel1.h">
      <Filter>Play\StageLevel</Filter>
    </ClInclude>
    <ClInclude Include="StageLevel2.h">
      <Filter>Play\StageLevel</Filter>
    </ClInclude>
    <ClInclude Include="StageLevel3.h">
      <Filter>Play\StageLevel</Filter>
    </ClInclude>
    <ClInclude Include="StageLevel4.h">
      <Filter>Play\StageLevel</Filter>
    </ClInclude>
    <ClInclude Include="SuperMushroom.h">
      <Filter>Play\Object</Filter>
    </ClInclude>
    <ClInclude Include="Bamba.h">
      <Filter>Play\Object</Filter>
    </ClInclude>
    <ClInclude Include="Fire.h">
      <Filter>Play\Object</Filter>
    </ClInclude>
    <ClInclude Include="FireFlower.h">
      <Filter>Play\Object</Filter>
    </ClInclude>
    <ClInclude Include="StageLevel.h">
      <Filter>Play\StageLevel</Filter>
    </ClInclude>
    <ClInclude Include="Particle.h">
      <Filter>Play\Object</Filter>
    </ClInclude>
    <ClInclude Include="Block.h">
      <Filter>Play\Object</Filter>
    </ClInclude>
  </ItemGroup>
  <ItemGroup>
    <ClCompile Include="MarioGameCore.cpp" />
    <ClCompile Include="TitleImage.cpp">
      <Filter>Title</Filter>
    </ClCompile>
    <ClCompile Include="TitleLevel.cpp">
      <Filter>Title</Filter>
    </ClCompile>
    <ClCompile Include="Mario.cpp">
      <Filter>Play</Filter>
    </ClCompile>
    <ClCompile Include="WorldLevel.cpp">
      <Filter>World</Filter>
    </ClCompile>
    <ClCompile Include="Mario_State.cpp">
      <Filter>Play</Filter>
    </ClCompile>
    <ClCompile Include="Map.cpp">
      <Filter>Play</Filter>
    </ClCompile>
    <ClCompile Include="WorldImage.cpp">
      <Filter>World</Filter>
    </ClCompile>
    <ClCompile Include="StageLevel1.cpp">
      <Filter>Play\StageLevel</Filter>
    </ClCompile>
    <ClCompile Include="StageLevel2.cpp">
      <Filter>Play\StageLevel</Filter>
    </ClCompile>
    <ClCompile Include="StageLevel3.cpp">
      <Filter>Play\StageLevel</Filter>
    </ClCompile>
    <ClCompile Include="StageLevel4.cpp">
      <Filter>Play\StageLevel</Filter>
    </ClCompile>
    <ClCompile Include="SuperMushroom.cpp">
      <Filter>Play\Object</Filter>
    </ClCompile>
    <ClCompile Include="Bamba.cpp">
      <Filter>Play\Object</Filter>
    </ClCompile>
    <ClCompile Include="Fire.cpp">
      <Filter>Play\Object</Filter>
    </ClCompile>
    <ClCompile Include="FireFlower.cpp">
      <Filter>Play\Object</Filter>
    </ClCompile>
    <ClCompile Include="StageLevel.cpp">
      <Filter>Play\StageLevel</Filter>
    </ClCompile>
    <ClCompile Include="Particle.cpp">
      <Filter>Play\Object</Filter>
    </ClCompile>
    <ClCompile Include="Block.cpp">
      <Filter>Play\Object</Filter>
    </ClCompile>
  </ItemGroup>
  <ItemGroup>
    <Filter Include="Title">
      <UniqueIdentifier>{642f3843-181a-4134-ab06-ca9ae7168d14}</UniqueIdentifier>
    </Filter>
    <Filter Include="Play">
      <UniqueIdentifier>{c2c1fae2-1c51-487b-8b78-4ecb9e04292e}</UniqueIdentifier>
    </Filter>
    <Filter Include="World">
      <UniqueIdentifier>{5f8849a8-7bce-4566-9912-577723eb10b0}</UniqueIdentifier>
    </Filter>
    <Filter Include="Play\StageLevel">
      <UniqueIdentifier>{a525159b-9e75-47cf-9ddf-7ec7a483248a}</UniqueIdentifier>
    </Filter>
    <Filter Include="Play\Object">
      <UniqueIdentifier>{e8787bf4-8292-4a0c-972b-a6b7230905c2}</UniqueIdentifier>
    </Filter>
  </ItemGroup>
</Project>