<?xml version="1.0" encoding="utf-8"?>
<Project ToolsVersion="4.0" xmlns="http://schemas.microsoft.com/developer/msbuild/2003">
  <ItemGroup>
    <ClCompile Include="GameEngineString.cpp">
      <Filter>String</Filter>
    </ClCompile>
    <ClCompile Include="GameEngineMath.cpp">
      <Filter>Math</Filter>
    </ClCompile>
    <ClCompile Include="GameEngineDebug.cpp">
      <Filter>Debug</Filter>
    </ClCompile>
    <ClCompile Include="GameEngineDirectory.cpp">
      <Filter>IO%28File%29</Filter>
    </ClCompile>
    <ClCompile Include="GameEnginePath.cpp">
      <Filter>IO%28File%29</Filter>
    </ClCompile>
    <ClCompile Include="GameEngineFile.cpp">
      <Filter>IO%28File%29</Filter>
    </ClCompile>
    <ClCompile Include="GameEngineTime.cpp" />
    <ClCompile Include="GameEngineRandom.cpp">
      <Filter>Math</Filter>
    </ClCompile>
  </ItemGroup>
  <ItemGroup>
    <ClInclude Include="GameEngineString.h">
      <Filter>String</Filter>
    </ClInclude>
    <ClInclude Include="GameEngineMath.h">
      <Filter>Math</Filter>
    </ClInclude>
    <ClInclude Include="GameEngineDebug.h">
      <Filter>Debug</Filter>
    </ClInclude>
    <ClInclude Include="GameEngineDirectory.h">
      <Filter>IO%28File%29</Filter>
    </ClInclude>
    <ClInclude Include="GameEnginePath.h">
      <Filter>IO%28File%29</Filter>
    </ClInclude>
    <ClInclude Include="GameEngineFile.h">
      <Filter>IO%28File%29</Filter>
    </ClInclude>
    <ClInclude Include="GameEngineTime.h" />
    <ClInclude Include="GameEngineRandom.h">
      <Filter>Math</Filter>
    </ClInclude>
  </ItemGroup>
  <ItemGroup>
    <Filter Include="Debug">
      <UniqueIdentifier>{93dbee89-0c3d-4695-8124-f66ad35d5c8e}</UniqueIdentifier>
    </Filter>
    <Filter Include="IO%28File%29">
      <UniqueIdentifier>{807360b8-d3cb-4f18-98cd-f08cb0d1b460}</UniqueIdentifier>
    </Filter>
    <Filter Include="Math">
      <UniqueIdentifier>{007518cd-fc2a-4e11-8d0c-d8605adb47af}</UniqueIdentifier>
    </Filter>
    <Filter Include="String">
      <UniqueIdentifier>{67230eaa-e15d-4aa4-9305-ee3ea2dd65c2}</UniqueIdentifier>
    </Filter>
  </ItemGroup>
</Project>