
Microsoft Visual Studio Solution File, Format Version 12.00
# Visual Studio Version 17
VisualStudioVersion = 17.4.33122.133
MinimumVisualStudioVersion = 10.0.40219.1
Project("{8BC9CEB8-8B4A-11D0-8D11-00A0C91BC942}") = "ApiApp", "ApiApp\ApiApp.vcxproj", "{4880FBC2-2670-457D-8CC0-A41816092A50}"
	ProjectSection(ProjectDependencies) = postProject
		{2D13DB34-8648-4966-8B4B-5A495312F26B} = {2D13DB34-8648-4966-8B4B-5A495312F26B}
		{42FD43DD-B4E8-4182-9419-8C491BD9B947} = {42FD43DD-B4E8-4182-9419-8C491BD9B947}
		{A835AC1F-2C8C-4101-BE7E-12A818C4C93D} = {A835AC1F-2C8C-4101-BE7E-12A818C4C93D}
		{D0FD716E-EE7E-4EA1-93A3-5A351B7C6B15} = {D0FD716E-EE7E-4EA1-93A3-5A351B7C6B15}
	EndProjectSection
EndProject
Project("{2150E333-8FDC-42A3-9474-1A3956D46DE8}") = "Level0", "Level0", "{5FA1D36E-CE85-4F80-AD7D-DD18B72F8346}"
EndProject
Project("{2150E333-8FDC-42A3-9474-1A3956D46DE8}") = "Level1", "Level1", "{3FBB8679-F2E9-4138-957D-7EFBDBA857AC}"
EndProject
Project("{2150E333-8FDC-42A3-9474-1A3956D46DE8}") = "Level2", "Level2", "{5F8DD593-73EC-4233-88BF-DD4183D0A930}"
EndProject
Project("{2150E333-8FDC-42A3-9474-1A3956D46DE8}") = "Level3", "Level3", "{F56507F1-27D4-4F87-A53E-4009D52A379A}"
EndProject
Project("{2150E333-8FDC-42A3-9474-1A3956D46DE8}") = "Level4", "Level4", "{78360B20-FDD9-4277-A91C-D2E0687DD988}"
EndProject
Project("{8BC9CEB8-8B4A-11D0-8D11-00A0C91BC942}") = "GameEngineBase", "GameEngineBase\GameEngineBase.vcxproj", "{D0FD716E-EE7E-4EA1-93A3-5A351B7C6B15}"
EndProject
Project("{8BC9CEB8-8B4A-11D0-8D11-00A0C91BC942}") = "GameEnginePlatform", "GameEnginePlatform\GameEnginePlatform.vcxproj", "{42FD43DD-B4E8-4182-9419-8C491BD9B947}"
	ProjectSection(ProjectDependencies) = postProject
		{D0FD716E-EE7E-4EA1-93A3-5A351B7C6B15} = {D0FD716E-EE7E-4EA1-93A3-5A351B7C6B15}
	EndProjectSection
EndProject
Project("{8BC9CEB8-8B4A-11D0-8D11-00A0C91BC942}") = "GameEngineCore", "GameEngineCore\GameEngineCore.vcxproj", "{A835AC1F-2C8C-4101-BE7E-12A818C4C93D}"
	ProjectSection(ProjectDependencies) = postProject
		{42FD43DD-B4E8-4182-9419-8C491BD9B947} = {42FD43DD-B4E8-4182-9419-8C491BD9B947}
		{D0FD716E-EE7E-4EA1-93A3-5A351B7C6B15} = {D0FD716E-EE7E-4EA1-93A3-5A351B7C6B15}
	EndProjectSection
EndProject
Project("{8BC9CEB8-8B4A-11D0-8D11-00A0C91BC942}") = "GameEngineContents", "GameEngineContents\GameEngineContents.vcxproj", "{2D13DB34-8648-4966-8B4B-5A495312F26B}"
	ProjectSection(ProjectDependencies) = postProject
		{42FD43DD-B4E8-4182-9419-8C491BD9B947} = {42FD43DD-B4E8-4182-9419-8C491BD9B947}
		{A835AC1F-2C8C-4101-BE7E-12A818C4C93D} = {A835AC1F-2C8C-4101-BE7E-12A818C4C93D}
		{D0FD716E-EE7E-4EA1-93A3-5A351B7C6B15} = {D0FD716E-EE7E-4EA1-93A3-5A351B7C6B15}
	EndProjectSection
EndProject
Project("{2150E333-8FDC-42A3-9474-1A3956D46DE8}") = "DOC", "DOC", "{AF43503C-D4D9-497A-BDC3-201C1F873BCB}"
	ProjectSection(SolutionItems) = preProject
		memo.txt = memo.txt
	EndProjectSection
EndProject
Global
	GlobalSection(SolutionConfigurationPlatforms) = preSolution
		Debug|x64 = Debug|x64
		Debug|x86 = Debug|x86
		Release|x64 = Release|x64
		Release|x86 = Release|x86
	EndGlobalSection
	GlobalSection(ProjectConfigurationPlatforms) = postSolution
		{4880FBC2-2670-457D-8CC0-A41816092A50}.Debug|x64.ActiveCfg = Debug|x64
		{4880FBC2-2670-457D-8CC0-A41816092A50}.Debug|x64.Build.0 = Debug|x64
		{4880FBC2-2670-457D-8CC0-A41816092A50}.Debug|x86.ActiveCfg = Debug|Win32
		{4880FBC2-2670-457D-8CC0-A41816092A50}.Debug|x86.Build.0 = Debug|Win32
		{4880FBC2-2670-457D-8CC0-A41816092A50}.Release|x64.ActiveCfg = Release|x64
		{4880FBC2-2670-457D-8CC0-A41816092A50}.Release|x64.Build.0 = Release|x64
		{4880FBC2-2670-457D-8CC0-A41816092A50}.Release|x86.ActiveCfg = Release|Win32
		{4880FBC2-2670-457D-8CC0-A41816092A50}.Release|x86.Build.0 = Release|Win32
		{D0FD716E-EE7E-4EA1-93A3-5A351B7C6B15}.Debug|x64.ActiveCfg = Debug|x64
		{D0FD716E-EE7E-4EA1-93A3-5A351B7C6B15}.Debug|x64.Build.0 = Debug|x64
		{D0FD716E-EE7E-4EA1-93A3-5A351B7C6B15}.Debug|x86.ActiveCfg = Debug|Win32
		{D0FD716E-EE7E-4EA1-93A3-5A351B7C6B15}.Debug|x86.Build.0 = Debug|Win32
		{D0FD716E-EE7E-4EA1-93A3-5A351B7C6B15}.Release|x64.ActiveCfg = Release|x64
		{D0FD716E-EE7E-4EA1-93A3-5A351B7C6B15}.Release|x64.Build.0 = Release|x64
		{D0FD716E-EE7E-4EA1-93A3-5A351B7C6B15}.Release|x86.ActiveCfg = Release|Win32
		{D0FD716E-EE7E-4EA1-93A3-5A351B7C6B15}.Release|x86.Build.0 = Release|Win32
		{42FD43DD-B4E8-4182-9419-8C491BD9B947}.Debug|x64.ActiveCfg = Debug|x64
		{42FD43DD-B4E8-4182-9419-8C491BD9B947}.Debug|x64.Build.0 = Debug|x64
		{42FD43DD-B4E8-4182-9419-8C491BD9B947}.Debug|x86.ActiveCfg = Debug|Win32
		{42FD43DD-B4E8-4182-9419-8C491BD9B947}.Debug|x86.Build.0 = Debug|Win32
		{42FD43DD-B4E8-4182-9419-8C491BD9B947}.Release|x64.ActiveCfg = Release|x64
		{42FD43DD-B4E8-4182-9419-8C491BD9B947}.Release|x64.Build.0 = Release|x64
		{42FD43DD-B4E8-4182-9419-8C491BD9B947}.Release|x86.ActiveCfg = Release|Win32
		{42FD43DD-B4E8-4182-9419-8C491BD9B947}.Release|x86.Build.0 = Release|Win32
		{A835AC1F-2C8C-4101-BE7E-12A818C4C93D}.Debug|x64.ActiveCfg = Debug|x64
		{A835AC1F-2C8C-4101-BE7E-12A818C4C93D}.Debug|x64.Build.0 = Debug|x64
		{A835AC1F-2C8C-4101-BE7E-12A818C4C93D}.Debug|x86.ActiveCfg = Debug|Win32
		{A835AC1F-2C8C-4101-BE7E-12A818C4C93D}.Debug|x86.Build.0 = Debug|Win32
		{A835AC1F-2C8C-4101-BE7E-12A818C4C93D}.Release|x64.ActiveCfg = Release|x64
		{A835AC1F-2C8C-4101-BE7E-12A818C4C93D}.Release|x64.Build.0 = Release|x64
		{A835AC1F-2C8C-4101-BE7E-12A818C4C93D}.Release|x86.ActiveCfg = Release|Win32
		{A835AC1F-2C8C-4101-BE7E-12A818C4C93D}.Release|x86.Build.0 = Release|Win32
		{2D13DB34-8648-4966-8B4B-5A495312F26B}.Debug|x64.ActiveCfg = Debug|x64
		{2D13DB34-8648-4966-8B4B-5A495312F26B}.Debug|x64.Build.0 = Debug|x64
		{2D13DB34-8648-4966-8B4B-5A495312F26B}.Debug|x86.ActiveCfg = Debug|Win32
		{2D13DB34-8648-4966-8B4B-5A495312F26B}.Debug|x86.Build.0 = Debug|Win32
		{2D13DB34-8648-4966-8B4B-5A495312F26B}.Release|x64.ActiveCfg = Release|x64
		{2D13DB34-8648-4966-8B4B-5A495312F26B}.Release|x64.Build.0 = Release|x64
		{2D13DB34-8648-4966-8B4B-5A495312F26B}.Release|x86.ActiveCfg = Release|Win32
		{2D13DB34-8648-4966-8B4B-5A495312F26B}.Release|x86.Build.0 = Release|Win32
	EndGlobalSection
	GlobalSection(SolutionProperties) = preSolution
		HideSolutionNode = FALSE
	EndGlobalSection
	GlobalSection(NestedProjects) = preSolution
		{4880FBC2-2670-457D-8CC0-A41816092A50} = {78360B20-FDD9-4277-A91C-D2E0687DD988}
		{D0FD716E-EE7E-4EA1-93A3-5A351B7C6B15} = {5FA1D36E-CE85-4F80-AD7D-DD18B72F8346}
		{42FD43DD-B4E8-4182-9419-8C491BD9B947} = {3FBB8679-F2E9-4138-957D-7EFBDBA857AC}
		{A835AC1F-2C8C-4101-BE7E-12A818C4C93D} = {5F8DD593-73EC-4233-88BF-DD4183D0A930}
		{2D13DB34-8648-4966-8B4B-5A495312F26B} = {F56507F1-27D4-4F87-A53E-4009D52A379A}
	EndGlobalSection
	GlobalSection(ExtensibilityGlobals) = postSolution
		SolutionGuid = {D9C4B272-C18D-41AB-ABC5-C30831846413}
	EndGlobalSection
EndGlobal
